{
    "_meta": {
        "hash": {
            "sha256": "46ee93fea1d243e0d52d95b95686aa2c2204f92c4e9c688e2e3d0a65f77716d7"
        },
        "host-environment-markers": {
            "implementation_name": "cpython",
            "implementation_version": "3.6.3",
            "os_name": "posix",
            "platform_machine": "x86_64",
            "platform_python_implementation": "CPython",
            "platform_release": "4.15.0-041500rc7-generic",
            "platform_system": "Linux",
            "platform_version": "#201801072330 SMP Sun Jan 7 23:31:29 UTC 2018",
            "python_full_version": "3.6.3",
            "python_version": "3.6",
            "sys_platform": "linux"
        },
        "pipfile-spec": 6,
        "requires": {
            "python_version": "3.6"
        },
        "sources": [
            {
                "name": "pypi",
                "url": "https://pypi.python.org/simple",
                "verify_ssl": true
            }
        ]
    },
    "default": {
        "aiohttp": {
            "hashes": [
                "sha256:81a6aaace2b9e8a87531277a5d5f998efbd3554c15bf47173834386966d1bbe1",
                "sha256:ad374a5d7be1de271ecd0fb0ef87c0f8dd9fb062e6fae350fa6c098360018978",
                "sha256:3ac6fa105355928e2fc02e876d0d72d6230557d4637017ebf09aec7611124155",
                "sha256:3a253332a0d8f82549e65035ebe7199580c3ea0e47071b7428f25b109b3c0310",
                "sha256:e1985766a4c83fcbdf7dde06544231fc9fb3de8929788179e623d6f9f9f321d2",
                "sha256:714c62532ca6be90be4b54002743e7ea277ec78b45f04ae86cdc6f45a8400abd",
                "sha256:c579ec606f25b3f756f177fee6db344f8d7ef75cfc0603a94c9fa1d1c645789d",
                "sha256:3bfcb76553d7f6296d1a598162d5fb890198f98c021540cbbb85bb604ff198db",
                "sha256:c3e1897726f97d40e067e8b658b2dbdfe216f32b801c5c589212e1b1f9aa8388"
            ],
            "version": "==1.0.5"
        },
        "async-timeout": {
            "hashes": [
                "sha256:d3a195a827b0f4068d1616ae2da04aac62e365d14f2b13dbc071f9feed9db4e2",
                "sha256:c17d8ac2d735d59aa62737d76f2787a6c938f5a944ecf768a8c0ab70b0dea566"
            ],
            "version": "==2.0.0"
        },
        "chardet": {
            "hashes": [
                "sha256:fc323ffcaeaed0e0a02bf4d117757b98aed530d9ed4531e3e15460124c106691",
                "sha256:84ab92ed1c4d4f16916e05906b6b75a6c0fb5db821cc65e70cbd64a3e2a5eaae"
            ],
            "version": "==3.0.4"
        },
        "discord.py": {
            "hashes": [
                "sha256:17fb8814100fbaf7a79468baa432184db6cef3bbea4ad194fe297c7407d50108"
            ],
            "version": "==0.16.12"
        },
        "feedparser": {
            "hashes": [
                "sha256:ce875495c90ebd74b179855449040003a1beb40cd13d5f037a0654251e260b02",
                "sha256:bd030652c2d08532c034c27fcd7c85868e7fa3cb2b17f230a44a6bbc92519bf9",
                "sha256:cd2485472e41471632ed3029d44033ee420ad0b57111db95c240c9160a85831c"
            ],
            "version": "==5.2.1"
        },
        "multidict": {
            "hashes": [
                "sha256:d12dfcff45b5c0eb3d586289cbf928012e75f93f10f4b9d7af903acb07b3c226",
                "sha256:f7deb65a184cbe757faaf4c6d2b8f203cb1a11dd44603a34d7befc343253d5bf",
                "sha256:80ad69b8330135b52a6da7a1f0ab6a278025bb72ea08768966785c829f515a6f",
                "sha256:3261b631cd6d079e6a20def3306b433794f800ea896dce4f1d5e833ad9bf6f26",
                "sha256:80e2bd17ea98fe77867771e1ee03433a54fa492a8413966a6caa766bdd6d6e62",
                "sha256:8eb59892040198741944eafca0c34be4da6b58be7fddf6e491a2d9e7e1767548",
                "sha256:24ec0d645ca70981e1c84e97e48c874b47f4970a173c8c751be9c213a8658e40",
                "sha256:167558cfb7c43077b3d8602142109f2b52fae0841a7ff97eb0a7443db199f303",
                "sha256:80abc93d197e24fb7c5aa5a8be3eacbcbc7115a2ff64e46162a4c2b46cd2f75a",
                "sha256:ff2b92a41df2e4c5cafaefb782469f3e6053ed00026d75a398521096192d0408",
                "sha256:5cfb63f0ddfa86ce6e80eee64e4fe886f9dfdb6dbbd724997bccb66513b0e29f",
                "sha256:50dac1151e34974b04419073ee9726f4180c6daf3454fd4af258824a19ad8c1d",
                "sha256:ebf1ba2af62dbaa37cf3db346830bb43d40d05a5f1f1966888a620f9b795e7c7",
                "sha256:3f513f3bf933d7cb6f5741f6676d4fac1e96aa634161c071974f9bb86a7bbac9",
                "sha256:ef6dc6e2d51b6058aa62cdd44dbf02c250c19eee6ff0065babc0ac126b068d43",
                "sha256:90dc3b8fefc58a865d64957f8f901d724250ba2a40e02f49d0df0103e96f5afa",
                "sha256:70630854b820d73ae102440123df38c983d77cd4ae444f3930a6bb6bbda87b76",
                "sha256:faf2b6447521d2075d03fb5e7c5467bac68f67df1c69e034ebca3afb6b3c619d",
                "sha256:eb7d5d39463137726138fc14c8458131136b8f4b06ba65f1cecd7aa6abe91df1",
                "sha256:fa04df1503fae7045883c57db47ba0c07de2ebe4a91c3e64d56f20d3d99e5dc8",
                "sha256:bce16633f3ee88863e4c9bcd7e037a6133c56fd9e7e7c0776bbaeeddcf154ac4",
                "sha256:f82e61c7408ed0dce1862100db55595481911f159d6ddec0b375d35b6449509b"
            ],
            "version": "==3.3.2"
        },
        "websockets": {
            "hashes": [
                "sha256:e9c1cdbb591432c59d0b5ca64fd30b6d517024767f152fc169563b26e7bcc9da",
                "sha256:85ae1e4b36aa2e90de56d211d2de36d7c093d00277a9afdd9b4f81e69c0214ab",
                "sha256:2aa6d52264cecb08d39741e8fda49f5ac4872aef02617230c84d02e861f3cc5a",
                "sha256:8a29100079f5b91a72bcd25d35a7354db985d3babae42d00b9d629f9a0aaa8ac",
                "sha256:de743ef26b002efceea7d7756e99e5d38bf5d4f27563b8d27df2a9a5cc57340a",
                "sha256:aa42ecef3aed807e23218c264b1e82004cdd131a6698a10b57fc3d8af8f651fc",
                "sha256:c4c5b5ce2d66cb0cf193c14bc9726adca095febef0f7b2c04e5e3fa3487a97a4",
                "sha256:e1e568136ad5cb6768504be36d470a136b072acbf3ea882303aee6361be01941",
                "sha256:e8992f1db371f2a1c5af59e032d9dc7c1aa92f16241efcda695b7d955b4de0c2",
                "sha256:3d38f76f71654268e5533b45df125ff208fee242a102d4b5ca958da5cf5fb345",
                "sha256:4128212ab6f91afda03a0c697add261bdf6946b47928db83f07298ea2cd8d937",
                "sha256:b19e7ede1ba80ee9de6f5b8ccd31beee25402e68bef7c13eeb0b8bc46bc4b7b7",
                "sha256:7347af28fcc70eb45be409760c2a428f8199e7f73c04a621916c3c219ed7ad27",
                "sha256:2f5b7f3920f29609086fb0b63552bb1f86a04b8cbdcc0dbf3775cc90d489dfc8",
                "sha256:4a932c17cb11c361c286c04842dc2385cc7157019bbba8b64808acbc89a95584",
                "sha256:5ddc5fc121eb76771e990f071071d9530e27d20e8cfb804d9f5823de055837af",
                "sha256:a7e7585c8e3c0f9277ad7d6ee6ccddc69649cd216255d5e255d68f90482aeefa",
                "sha256:3fcc7dfb365e81ff8206f950c86d1e73accdf3be2f9110c0cb73be32d2e7a9a5",
                "sha256:09dfec40e9b73e8808c39ecdbc1733e33915a2b26b90c54566afc0af546a9ec3",
                "sha256:43e5b9f51dd0000a4c6f646e2ade0c886bd14a784ffac08b9e079bd17a63bcc5"
            ],
            "version": "==3.4"
        }
    },
    "develop": {}
}
